<Solution>
  <Folder Name="/src/">
    <Project Path="src/NotyWin.App/NotyWin.App.csproj" />
    <Project Path="src/NotyWin.Geometry/NotyWin.Geometry.csproj" />
  </Folder>
  <Folder Name="/tests/">
    <Project Path="tests/NotyWin.Geometry.Tests/NotyWin.Geometry.Tests.csproj" />
  </Folder>
</Solution>
